dependencies:
- name: operator
  repository: https://operator.min.io/
  version: 4.4.9
- name: redis-operator
  repository: https://spotahome.github.io/redis-operator
  version: 3.1.4
- name: postgres-operator
  repository: ""
  version: 1.6.3
digest: sha256:90b6ddf5f6b4ac8a0a296b18428a631c94e782c878c1c01890dc114fb883b627
generated: "2022-04-25T16:51:29.009146+02:00"
