dependencies:
- name: cert-manager
  repository: https://charts.jetstack.io
  version: v0.16.0
- name: nginx-ingress
  repository: https://kubernetes-charts.storage.googleapis.com
  version: 1.41.2
digest: sha256:1e2a24147f8bd43da5220e4f3d770c142ff1cfc9127d9df50b1995751e3721e5
generated: "2020-08-06T11:18:35.985086+02:00"
